// !$*UTF8*$!
{
	archiveVersion = 1;
	classes = {
	};
	objectVersion = 50;
	objects = {

/* Begin PBXBuildFile section */
		3A42F7A5C9ED9482D6A6EAD2 /* Pods_Euko.framework in Frameworks */ = {isa = PBXBuildFile; fileRef = 5E2071583A9DCDD53C28CDF1 /* Pods_Euko.framework */; };
		5713B01D219ACAB0001D9324 /* AppDelegate.swift in Sources */ = {isa = PBXBuildFile; fileRef = 5713B01C219ACAB0001D9324 /* AppDelegate.swift */; };
		5713B022219ACAB0001D9324 /* Main.storyboard in Resources */ = {isa = PBXBuildFile; fileRef = 5713B020219ACAB0001D9324 /* Main.storyboard */; };
		5713B025219ACAB0001D9324 /* Euko.xcdatamodeld in Sources */ = {isa = PBXBuildFile; fileRef = 5713B023219ACAB0001D9324 /* Euko.xcdatamodeld */; };
		5713B027219ACAB1001D9324 /* Assets.xcassets in Resources */ = {isa = PBXBuildFile; fileRef = 5713B026219ACAB1001D9324 /* Assets.xcassets */; };
		5713B02A219ACAB1001D9324 /* LaunchScreen.storyboard in Resources */ = {isa = PBXBuildFile; fileRef = 5713B028219ACAB1001D9324 /* LaunchScreen.storyboard */; };
		5713B035219ACAB1001D9324 /* EukoTests.swift in Sources */ = {isa = PBXBuildFile; fileRef = 5713B034219ACAB1001D9324 /* EukoTests.swift */; };
		571EB6DD21B91F70008D4227 /* User.swift in Sources */ = {isa = PBXBuildFile; fileRef = 571EB6DC21B91F70008D4227 /* User.swift */; };
		572294F821C3DFA000C106BC /* ProjectListVC.swift in Sources */ = {isa = PBXBuildFile; fileRef = 572294F721C3DFA000C106BC /* ProjectListVC.swift */; };
		572294FA21C3E04700C106BC /* ProjectCell.swift in Sources */ = {isa = PBXBuildFile; fileRef = 572294F921C3E04700C106BC /* ProjectCell.swift */; };
		572294FC21C4449200C106BC /* Project.swift in Sources */ = {isa = PBXBuildFile; fileRef = 572294FB21C4449200C106BC /* Project.swift */; };
		573022B821C998F90000A495 /* CreateProjectVC.swift in Sources */ = {isa = PBXBuildFile; fileRef = 573022B721C998F90000A495 /* CreateProjectVC.swift */; };
		575B446E2239109E00FD5C97 /* InscriptionValidationVC.swift in Sources */ = {isa = PBXBuildFile; fileRef = 575B446D2239109E00FD5C97 /* InscriptionValidationVC.swift */; };
		576C5E1121FF12AE0069CFBB /* Polygon.swift in Sources */ = {isa = PBXBuildFile; fileRef = 576C5E1021FF12AE0069CFBB /* Polygon.swift */; };
		5776C18E21BA6C9A00E51C59 /* ConnexionVC.swift in Sources */ = {isa = PBXBuildFile; fileRef = 5776C18D21BA6C9A00E51C59 /* ConnexionVC.swift */; };
		5776C19021BA75A600E51C59 /* InscriptionVC.swift in Sources */ = {isa = PBXBuildFile; fileRef = 5776C18F21BA75A600E51C59 /* InscriptionVC.swift */; };
		5776C19221BA8EE100E51C59 /* Extensions.swift in Sources */ = {isa = PBXBuildFile; fileRef = 5776C19121BA8EE100E51C59 /* Extensions.swift */; };
		578E62412253579E0029ED27 /* ServerBridge.swift in Sources */ = {isa = PBXBuildFile; fileRef = 578E62402253579E0029ED27 /* ServerBridge.swift */; };
		579AF517223BFF2300C8D85B /* TabBarController.swift in Sources */ = {isa = PBXBuildFile; fileRef = 579AF516223BFF2300C8D85B /* TabBarController.swift */; };
		57A879AA223A6D8300BC2A79 /* CreationContractVC.swift in Sources */ = {isa = PBXBuildFile; fileRef = 57A879A9223A6D8300BC2A79 /* CreationContractVC.swift */; };
		57A879AD223A6DE400BC2A79 /* SHFSignatureView.swift in Sources */ = {isa = PBXBuildFile; fileRef = 57A879AC223A6DE400BC2A79 /* SHFSignatureView.swift */; };
		57B8D8AF22386214009B8223 /* InscriptionNextVC.swift in Sources */ = {isa = PBXBuildFile; fileRef = 57B8D8AE22386214009B8223 /* InscriptionNextVC.swift */; };
		57C34410223AA6E8007A0B03 /* ProfileVC.swift in Sources */ = {isa = PBXBuildFile; fileRef = 57C3440F223AA6E8007A0B03 /* ProfileVC.swift */; };
		57CC251B223BBB6900124166 /* WalletVC.swift in Sources */ = {isa = PBXBuildFile; fileRef = 57CC251A223BBB6900124166 /* WalletVC.swift */; };
		57D4896221E797CF00D6D1C1 /* GradientView.swift in Sources */ = {isa = PBXBuildFile; fileRef = 57D4896121E797CF00D6D1C1 /* GradientView.swift */; };
		57D4896421E797EE00D6D1C1 /* Triangle.swift in Sources */ = {isa = PBXBuildFile; fileRef = 57D4896321E797EE00D6D1C1 /* Triangle.swift */; };
		57E46A3521C4785800FB7236 /* ProjectVC.swift in Sources */ = {isa = PBXBuildFile; fileRef = 57E46A3421C4785800FB7236 /* ProjectVC.swift */; };
		57FE665721CD523000D40854 /* MoneyBackCell.swift in Sources */ = {isa = PBXBuildFile; fileRef = 57FE665621CD523000D40854 /* MoneyBackCell.swift */; };
		D9081AF5C24CD981B57E88FA /* Pods_EukoTests.framework in Frameworks */ = {isa = PBXBuildFile; fileRef = 2E97DDA1E1FCA067628EB106 /* Pods_EukoTests.framework */; };
/* End PBXBuildFile section */

/* Begin PBXContainerItemProxy section */
		5713B031219ACAB1001D9324 /* PBXContainerItemProxy */ = {
			isa = PBXContainerItemProxy;
			containerPortal = 5713B011219ACAB0001D9324 /* Project object */;
			proxyType = 1;
			remoteGlobalIDString = 5713B018219ACAB0001D9324;
			remoteInfo = Euko;
		};
/* End PBXContainerItemProxy section */

/* Begin PBXFileReference section */
		11EC2400E0878F817E3CECCA /* Pods-EukoTests.release.xcconfig */ = {isa = PBXFileReference; includeInIndex = 1; lastKnownFileType = text.xcconfig; name = "Pods-EukoTests.release.xcconfig"; path = "Pods/Target Support Files/Pods-EukoTests/Pods-EukoTests.release.xcconfig"; sourceTree = "<group>"; };
		257280F01BF655A7E6C430D1 /* Pods-EukoTests.debug.xcconfig */ = {isa = PBXFileReference; includeInIndex = 1; lastKnownFileType = text.xcconfig; name = "Pods-EukoTests.debug.xcconfig"; path = "Pods/Target Support Files/Pods-EukoTests/Pods-EukoTests.debug.xcconfig"; sourceTree = "<group>"; };
		2E97DDA1E1FCA067628EB106 /* Pods_EukoTests.framework */ = {isa = PBXFileReference; explicitFileType = wrapper.framework; includeInIndex = 0; path = Pods_EukoTests.framework; sourceTree = BUILT_PRODUCTS_DIR; };
		5713B019219ACAB0001D9324 /* Euko.app */ = {isa = PBXFileReference; explicitFileType = wrapper.application; includeInIndex = 0; path = Euko.app; sourceTree = BUILT_PRODUCTS_DIR; };
		5713B01C219ACAB0001D9324 /* AppDelegate.swift */ = {isa = PBXFileReference; lastKnownFileType = sourcecode.swift; path = AppDelegate.swift; sourceTree = "<group>"; };
		5713B021219ACAB0001D9324 /* Base */ = {isa = PBXFileReference; lastKnownFileType = file.storyboard; name = Base; path = Base.lproj/Main.storyboard; sourceTree = "<group>"; };
		5713B024219ACAB0001D9324 /* Euko.xcdatamodel */ = {isa = PBXFileReference; lastKnownFileType = wrapper.xcdatamodel; path = Euko.xcdatamodel; sourceTree = "<group>"; };
		5713B026219ACAB1001D9324 /* Assets.xcassets */ = {isa = PBXFileReference; lastKnownFileType = folder.assetcatalog; path = Assets.xcassets; sourceTree = "<group>"; };
		5713B029219ACAB1001D9324 /* Base */ = {isa = PBXFileReference; lastKnownFileType = file.storyboard; name = Base; path = Base.lproj/LaunchScreen.storyboard; sourceTree = "<group>"; };
		5713B02B219ACAB1001D9324 /* Info.plist */ = {isa = PBXFileReference; lastKnownFileType = text.plist.xml; path = Info.plist; sourceTree = "<group>"; };
		5713B030219ACAB1001D9324 /* EukoTests.xctest */ = {isa = PBXFileReference; explicitFileType = wrapper.cfbundle; includeInIndex = 0; path = EukoTests.xctest; sourceTree = BUILT_PRODUCTS_DIR; };
		5713B034219ACAB1001D9324 /* EukoTests.swift */ = {isa = PBXFileReference; lastKnownFileType = sourcecode.swift; path = EukoTests.swift; sourceTree = "<group>"; };
		5713B036219ACAB1001D9324 /* Info.plist */ = {isa = PBXFileReference; lastKnownFileType = text.plist.xml; path = Info.plist; sourceTree = "<group>"; };
		571EB6DC21B91F70008D4227 /* User.swift */ = {isa = PBXFileReference; lastKnownFileType = sourcecode.swift; path = User.swift; sourceTree = "<group>"; };
		572294F721C3DFA000C106BC /* ProjectListVC.swift */ = {isa = PBXFileReference; lastKnownFileType = sourcecode.swift; path = ProjectListVC.swift; sourceTree = "<group>"; };
		572294F921C3E04700C106BC /* ProjectCell.swift */ = {isa = PBXFileReference; lastKnownFileType = sourcecode.swift; path = ProjectCell.swift; sourceTree = "<group>"; };
		572294FB21C4449200C106BC /* Project.swift */ = {isa = PBXFileReference; lastKnownFileType = sourcecode.swift; path = Project.swift; sourceTree = "<group>"; };
		573022B721C998F90000A495 /* CreateProjectVC.swift */ = {isa = PBXFileReference; lastKnownFileType = sourcecode.swift; path = CreateProjectVC.swift; sourceTree = "<group>"; };
		575B446D2239109E00FD5C97 /* InscriptionValidationVC.swift */ = {isa = PBXFileReference; lastKnownFileType = sourcecode.swift; path = InscriptionValidationVC.swift; sourceTree = "<group>"; };
		576C5E1021FF12AE0069CFBB /* Polygon.swift */ = {isa = PBXFileReference; lastKnownFileType = sourcecode.swift; path = Polygon.swift; sourceTree = "<group>"; };
		5776C18D21BA6C9A00E51C59 /* ConnexionVC.swift */ = {isa = PBXFileReference; lastKnownFileType = sourcecode.swift; path = ConnexionVC.swift; sourceTree = "<group>"; };
		5776C18F21BA75A600E51C59 /* InscriptionVC.swift */ = {isa = PBXFileReference; lastKnownFileType = sourcecode.swift; path = InscriptionVC.swift; sourceTree = "<group>"; };
		5776C19121BA8EE100E51C59 /* Extensions.swift */ = {isa = PBXFileReference; lastKnownFileType = sourcecode.swift; path = Extensions.swift; sourceTree = "<group>"; };
		578E62402253579E0029ED27 /* ServerBridge.swift */ = {isa = PBXFileReference; lastKnownFileType = sourcecode.swift; path = ServerBridge.swift; sourceTree = "<group>"; };
		579AF516223BFF2300C8D85B /* TabBarController.swift */ = {isa = PBXFileReference; lastKnownFileType = sourcecode.swift; path = TabBarController.swift; sourceTree = "<group>"; };
		57A879A9223A6D8300BC2A79 /* CreationContractVC.swift */ = {isa = PBXFileReference; lastKnownFileType = sourcecode.swift; path = CreationContractVC.swift; sourceTree = "<group>"; };
		57A879AC223A6DE400BC2A79 /* SHFSignatureView.swift */ = {isa = PBXFileReference; lastKnownFileType = sourcecode.swift; path = SHFSignatureView.swift; sourceTree = "<group>"; };
		57B8D8AE22386214009B8223 /* InscriptionNextVC.swift */ = {isa = PBXFileReference; lastKnownFileType = sourcecode.swift; path = InscriptionNextVC.swift; sourceTree = "<group>"; };
		57C3440F223AA6E8007A0B03 /* ProfileVC.swift */ = {isa = PBXFileReference; lastKnownFileType = sourcecode.swift; path = ProfileVC.swift; sourceTree = "<group>"; };
		57CC251A223BBB6900124166 /* WalletVC.swift */ = {isa = PBXFileReference; lastKnownFileType = sourcecode.swift; path = WalletVC.swift; sourceTree = "<group>"; };
		57D4896121E797CF00D6D1C1 /* GradientView.swift */ = {isa = PBXFileReference; lastKnownFileType = sourcecode.swift; path = GradientView.swift; sourceTree = "<group>"; };
		57D4896321E797EE00D6D1C1 /* Triangle.swift */ = {isa = PBXFileReference; lastKnownFileType = sourcecode.swift; path = Triangle.swift; sourceTree = "<group>"; };
		57E46A3421C4785800FB7236 /* ProjectVC.swift */ = {isa = PBXFileReference; lastKnownFileType = sourcecode.swift; path = ProjectVC.swift; sourceTree = "<group>"; };
		57FE665621CD523000D40854 /* MoneyBackCell.swift */ = {isa = PBXFileReference; lastKnownFileType = sourcecode.swift; path = MoneyBackCell.swift; sourceTree = "<group>"; };
		5E2071583A9DCDD53C28CDF1 /* Pods_Euko.framework */ = {isa = PBXFileReference; explicitFileType = wrapper.framework; includeInIndex = 0; path = Pods_Euko.framework; sourceTree = BUILT_PRODUCTS_DIR; };
		BBD221E7AC7B39964B46AD53 /* Pods-Euko.debug.xcconfig */ = {isa = PBXFileReference; includeInIndex = 1; lastKnownFileType = text.xcconfig; name = "Pods-Euko.debug.xcconfig"; path = "Pods/Target Support Files/Pods-Euko/Pods-Euko.debug.xcconfig"; sourceTree = "<group>"; };
		E964081CFB7F6CA766F74518 /* Pods-Euko.release.xcconfig */ = {isa = PBXFileReference; includeInIndex = 1; lastKnownFileType = text.xcconfig; name = "Pods-Euko.release.xcconfig"; path = "Pods/Target Support Files/Pods-Euko/Pods-Euko.release.xcconfig"; sourceTree = "<group>"; };
/* End PBXFileReference section */

/* Begin PBXFrameworksBuildPhase section */
		5713B016219ACAB0001D9324 /* Frameworks */ = {
			isa = PBXFrameworksBuildPhase;
			buildActionMask = 2147483647;
			files = (
				3A42F7A5C9ED9482D6A6EAD2 /* Pods_Euko.framework in Frameworks */,
			);
			runOnlyForDeploymentPostprocessing = 0;
		};
		5713B02D219ACAB1001D9324 /* Frameworks */ = {
			isa = PBXFrameworksBuildPhase;
			buildActionMask = 2147483647;
			files = (
				D9081AF5C24CD981B57E88FA /* Pods_EukoTests.framework in Frameworks */,
			);
			runOnlyForDeploymentPostprocessing = 0;
		};
/* End PBXFrameworksBuildPhase section */

/* Begin PBXGroup section */
		5713B010219ACAB0001D9324 = {
			isa = PBXGroup;
			children = (
				5713B01B219ACAB0001D9324 /* Euko */,
				5713B033219ACAB1001D9324 /* EukoTests */,
				5713B01A219ACAB0001D9324 /* Products */,
				D2070AF8CFA99F6C92733B3E /* Pods */,
				F16425929B440E39BB560710 /* Frameworks */,
			);
			sourceTree = "<group>";
		};
		5713B01A219ACAB0001D9324 /* Products */ = {
			isa = PBXGroup;
			children = (
				5713B019219ACAB0001D9324 /* Euko.app */,
				5713B030219ACAB1001D9324 /* EukoTests.xctest */,
			);
			name = Products;
			sourceTree = "<group>";
		};
		5713B01B219ACAB0001D9324 /* Euko */ = {
			isa = PBXGroup;
			children = (
				57A879AB223A6DB900BC2A79 /* SHFSignature */,
				571EB6DB21B91F50008D4227 /* Models */,
				571EB6DA21B91F47008D4227 /* Views */,
				5713B01C219ACAB0001D9324 /* AppDelegate.swift */,
				5713B020219ACAB0001D9324 /* Main.storyboard */,
				5713B026219ACAB1001D9324 /* Assets.xcassets */,
				5713B028219ACAB1001D9324 /* LaunchScreen.storyboard */,
				5713B02B219ACAB1001D9324 /* Info.plist */,
				5713B023219ACAB0001D9324 /* Euko.xcdatamodeld */,
			);
			path = Euko;
			sourceTree = "<group>";
		};
		5713B033219ACAB1001D9324 /* EukoTests */ = {
			isa = PBXGroup;
			children = (
				5713B034219ACAB1001D9324 /* EukoTests.swift */,
				5713B036219ACAB1001D9324 /* Info.plist */,
			);
			path = EukoTests;
			sourceTree = "<group>";
		};
		571EB6DA21B91F47008D4227 /* Views */ = {
			isa = PBXGroup;
			children = (
				57D4896021E797B000D6D1C1 /* Personalized Views */,
				5776C18C21BA6C7C00E51C59 /* Connexion */,
				57B8D8AD223805D4009B8223 /* Inscription */,
				572294F621C3DF6900C106BC /* ProjectList */,
				57E46A3321C4783400FB7236 /* Project */,
				57C3440E223AA6D4007A0B03 /* Profile */,
				57CC2519223BBB2700124166 /* Wallet */,
			);
			path = Views;
			sourceTree = "<group>";
		};
		571EB6DB21B91F50008D4227 /* Models */ = {
			isa = PBXGroup;
			children = (
				571EB6DC21B91F70008D4227 /* User.swift */,
				5776C19121BA8EE100E51C59 /* Extensions.swift */,
				572294FB21C4449200C106BC /* Project.swift */,
				578E62402253579E0029ED27 /* ServerBridge.swift */,
			);
			path = Models;
			sourceTree = "<group>";
		};
		572294F621C3DF6900C106BC /* ProjectList */ = {
			isa = PBXGroup;
			children = (
				57A879A8223A6D3400BC2A79 /* Creation */,
				572294F721C3DFA000C106BC /* ProjectListVC.swift */,
				572294F921C3E04700C106BC /* ProjectCell.swift */,
			);
			path = ProjectList;
			sourceTree = "<group>";
		};
		5776C18C21BA6C7C00E51C59 /* Connexion */ = {
			isa = PBXGroup;
			children = (
				5776C18D21BA6C9A00E51C59 /* ConnexionVC.swift */,
			);
			path = Connexion;
			sourceTree = "<group>";
		};
		57A879A8223A6D3400BC2A79 /* Creation */ = {
			isa = PBXGroup;
			children = (
				573022B721C998F90000A495 /* CreateProjectVC.swift */,
				57A879A9223A6D8300BC2A79 /* CreationContractVC.swift */,
			);
			path = Creation;
			sourceTree = "<group>";
		};
		57A879AB223A6DB900BC2A79 /* SHFSignature */ = {
			isa = PBXGroup;
			children = (
				57A879AC223A6DE400BC2A79 /* SHFSignatureView.swift */,
			);
			path = SHFSignature;
			sourceTree = "<group>";
		};
		57B8D8AD223805D4009B8223 /* Inscription */ = {
			isa = PBXGroup;
			children = (
				5776C18F21BA75A600E51C59 /* InscriptionVC.swift */,
				57B8D8AE22386214009B8223 /* InscriptionNextVC.swift */,
				575B446D2239109E00FD5C97 /* InscriptionValidationVC.swift */,
			);
			path = Inscription;
			sourceTree = "<group>";
		};
		57C3440E223AA6D4007A0B03 /* Profile */ = {
			isa = PBXGroup;
			children = (
				57C3440F223AA6E8007A0B03 /* ProfileVC.swift */,
				57FE665621CD523000D40854 /* MoneyBackCell.swift */,
			);
			path = Profile;
			sourceTree = "<group>";
		};
		57CC2519223BBB2700124166 /* Wallet */ = {
			isa = PBXGroup;
			children = (
				57CC251A223BBB6900124166 /* WalletVC.swift */,
			);
			path = Wallet;
			sourceTree = "<group>";
		};
		57D4896021E797B000D6D1C1 /* Personalized Views */ = {
			isa = PBXGroup;
			children = (
				57D4896121E797CF00D6D1C1 /* GradientView.swift */,
				57D4896321E797EE00D6D1C1 /* Triangle.swift */,
				576C5E1021FF12AE0069CFBB /* Polygon.swift */,
				579AF516223BFF2300C8D85B /* TabBarController.swift */,
			);
			path = "Personalized Views";
			sourceTree = "<group>";
		};
		57E46A3321C4783400FB7236 /* Project */ = {
			isa = PBXGroup;
			children = (
				57E46A3421C4785800FB7236 /* ProjectVC.swift */,
			);
			path = Project;
			sourceTree = "<group>";
		};
		D2070AF8CFA99F6C92733B3E /* Pods */ = {
			isa = PBXGroup;
			children = (
				BBD221E7AC7B39964B46AD53 /* Pods-Euko.debug.xcconfig */,
				E964081CFB7F6CA766F74518 /* Pods-Euko.release.xcconfig */,
				257280F01BF655A7E6C430D1 /* Pods-EukoTests.debug.xcconfig */,
				11EC2400E0878F817E3CECCA /* Pods-EukoTests.release.xcconfig */,
			);
			name = Pods;
			sourceTree = "<group>";
		};
		F16425929B440E39BB560710 /* Frameworks */ = {
			isa = PBXGroup;
			children = (
				5E2071583A9DCDD53C28CDF1 /* Pods_Euko.framework */,
				2E97DDA1E1FCA067628EB106 /* Pods_EukoTests.framework */,
			);
			name = Frameworks;
			sourceTree = "<group>";
		};
/* End PBXGroup section */

/* Begin PBXNativeTarget section */
		5713B018219ACAB0001D9324 /* Euko */ = {
			isa = PBXNativeTarget;
			buildConfigurationList = 5713B039219ACAB1001D9324 /* Build configuration list for PBXNativeTarget "Euko" */;
			buildPhases = (
				392C1999C1C21713812E9BA5 /* [CP] Check Pods Manifest.lock */,
				5713B015219ACAB0001D9324 /* Sources */,
				5713B016219ACAB0001D9324 /* Frameworks */,
				5713B017219ACAB0001D9324 /* Resources */,
				1465B45D899F0E677D9C3E61 /* [CP] Embed Pods Frameworks */,
				8BC38A0DEB4853A02903139E /* [CP] Copy Pods Resources */,
			);
			buildRules = (
			);
			dependencies = (
			);
			name = Euko;
			productName = Euko;
			productReference = 5713B019219ACAB0001D9324 /* Euko.app */;
			productType = "com.apple.product-type.application";
		};
		5713B02F219ACAB1001D9324 /* EukoTests */ = {
			isa = PBXNativeTarget;
			buildConfigurationList = 5713B03C219ACAB1001D9324 /* Build configuration list for PBXNativeTarget "EukoTests" */;
			buildPhases = (
				9603B72E11676B2F8CE8D981 /* [CP] Check Pods Manifest.lock */,
				5713B02C219ACAB1001D9324 /* Sources */,
				5713B02D219ACAB1001D9324 /* Frameworks */,
				5713B02E219ACAB1001D9324 /* Resources */,
				71CCB2BC39BC69E3E72149ED /* [CP] Embed Pods Frameworks */,
				8DB1498F57C2C3604F19A23A /* [CP] Copy Pods Resources */,
			);
			buildRules = (
			);
			dependencies = (
				5713B032219ACAB1001D9324 /* PBXTargetDependency */,
			);
			name = EukoTests;
			productName = EukoTests;
			productReference = 5713B030219ACAB1001D9324 /* EukoTests.xctest */;
			productType = "com.apple.product-type.bundle.unit-test";
		};
/* End PBXNativeTarget section */

/* Begin PBXProject section */
		5713B011219ACAB0001D9324 /* Project object */ = {
			isa = PBXProject;
			attributes = {
				LastSwiftUpdateCheck = 1000;
				LastUpgradeCheck = 1000;
				ORGANIZATIONNAME = "Victor Lucas";
				TargetAttributes = {
					5713B018219ACAB0001D9324 = {
						CreatedOnToolsVersion = 10.0;
					};
					5713B02F219ACAB1001D9324 = {
						CreatedOnToolsVersion = 10.0;
						TestTargetID = 5713B018219ACAB0001D9324;
					};
				};
			};
			buildConfigurationList = 5713B014219ACAB0001D9324 /* Build configuration list for PBXProject "Euko" */;
			compatibilityVersion = "Xcode 9.3";
			developmentRegion = en;
			hasScannedForEncodings = 0;
			knownRegions = (
				en,
				Base,
			);
			mainGroup = 5713B010219ACAB0001D9324;
			productRefGroup = 5713B01A219ACAB0001D9324 /* Products */;
			projectDirPath = "";
			projectRoot = "";
			targets = (
				5713B018219ACAB0001D9324 /* Euko */,
				5713B02F219ACAB1001D9324 /* EukoTests */,
			);
		};
/* End PBXProject section */

/* Begin PBXResourcesBuildPhase section */
		5713B017219ACAB0001D9324 /* Resources */ = {
			isa = PBXResourcesBuildPhase;
			buildActionMask = 2147483647;
			files = (
				5713B02A219ACAB1001D9324 /* LaunchScreen.storyboard in Resources */,
				5713B027219ACAB1001D9324 /* Assets.xcassets in Resources */,
				5713B022219ACAB0001D9324 /* Main.storyboard in Resources */,
			);
			runOnlyForDeploymentPostprocessing = 0;
		};
		5713B02E219ACAB1001D9324 /* Resources */ = {
			isa = PBXResourcesBuildPhase;
			buildActionMask = 2147483647;
			files = (
			);
			runOnlyForDeploymentPostprocessing = 0;
		};
/* End PBXResourcesBuildPhase section */

/* Begin PBXShellScriptBuildPhase section */
		1465B45D899F0E677D9C3E61 /* [CP] Embed Pods Frameworks */ = {
			isa = PBXShellScriptBuildPhase;
			buildActionMask = 2147483647;
			files = (
			);
			inputPaths = (
				"${SRCROOT}/Pods/Target Support Files/Pods-Euko/Pods-Euko-frameworks.sh",
				"${BUILT_PRODUCTS_DIR}/Alamofire/Alamofire.framework",
				"${BUILT_PRODUCTS_DIR}/SwiftyJSON/SwiftyJSON.framework",
			);
			name = "[CP] Embed Pods Frameworks";
			outputPaths = (
				"${TARGET_BUILD_DIR}/${FRAMEWORKS_FOLDER_PATH}/Alamofire.framework",
				"${TARGET_BUILD_DIR}/${FRAMEWORKS_FOLDER_PATH}/SwiftyJSON.framework",
			);
			runOnlyForDeploymentPostprocessing = 0;
			shellPath = /bin/sh;
			shellScript = "\"${SRCROOT}/Pods/Target Support Files/Pods-Euko/Pods-Euko-frameworks.sh\"\n";
			showEnvVarsInLog = 0;
		};
		392C1999C1C21713812E9BA5 /* [CP] Check Pods Manifest.lock */ = {
			isa = PBXShellScriptBuildPhase;
			buildActionMask = 2147483647;
			files = (
			);
			inputPaths = (
				"${PODS_PODFILE_DIR_PATH}/Podfile.lock",
				"${PODS_ROOT}/Manifest.lock",
			);
			name = "[CP] Check Pods Manifest.lock";
			outputPaths = (
				"$(DERIVED_FILE_DIR)/Pods-Euko-checkManifestLockResult.txt",
			);
			runOnlyForDeploymentPostprocessing = 0;
			shellPath = /bin/sh;
			shellScript = "diff \"${PODS_PODFILE_DIR_PATH}/Podfile.lock\" \"${PODS_ROOT}/Manifest.lock\" > /dev/null\nif [ $? != 0 ] ; then\n    # print error to STDERR\n    echo \"error: The sandbox is not in sync with the Podfile.lock. Run 'pod install' or update your CocoaPods installation.\" >&2\n    exit 1\nfi\n# This output is used by Xcode 'outputs' to avoid re-running this script phase.\necho \"SUCCESS\" > \"${SCRIPT_OUTPUT_FILE_0}\"\n";
			showEnvVarsInLog = 0;
		};
		71CCB2BC39BC69E3E72149ED /* [CP] Embed Pods Frameworks */ = {
			isa = PBXShellScriptBuildPhase;
			buildActionMask = 2147483647;
			files = (
			);
			inputPaths = (
			);
			name = "[CP] Embed Pods Frameworks";
			outputPaths = (
			);
			runOnlyForDeploymentPostprocessing = 0;
			shellPath = /bin/sh;
			shellScript = "\"${SRCROOT}/Pods/Target Support Files/Pods-EukoTests/Pods-EukoTests-frameworks.sh\"\n";
			showEnvVarsInLog = 0;
		};
		8BC38A0DEB4853A02903139E /* [CP] Copy Pods Resources */ = {
			isa = PBXShellScriptBuildPhase;
			buildActionMask = 2147483647;
			files = (
			);
			inputPaths = (
			);
			name = "[CP] Copy Pods Resources";
			outputPaths = (
			);
			runOnlyForDeploymentPostprocessing = 0;
			shellPath = /bin/sh;
			shellScript = "\"${SRCROOT}/Pods/Target Support Files/Pods-Euko/Pods-Euko-resources.sh\"\n";
			showEnvVarsInLog = 0;
		};
		8DB1498F57C2C3604F19A23A /* [CP] Copy Pods Resources */ = {
			isa = PBXShellScriptBuildPhase;
			buildActionMask = 2147483647;
			files = (
			);
			inputPaths = (
			);
			name = "[CP] Copy Pods Resources";
			outputPaths = (
			);
			runOnlyForDeploymentPostprocessing = 0;
			shellPath = /bin/sh;
			shellScript = "\"${SRCROOT}/Pods/Target Support Files/Pods-EukoTests/Pods-EukoTests-resources.sh\"\n";
			showEnvVarsInLog = 0;
		};
		9603B72E11676B2F8CE8D981 /* [CP] Check Pods Manifest.lock */ = {
			isa = PBXShellScriptBuildPhase;
			buildActionMask = 2147483647;
			files = (
			);
			inputPaths = (
				"${PODS_PODFILE_DIR_PATH}/Podfile.lock",
				"${PODS_ROOT}/Manifest.lock",
			);
			name = "[CP] Check Pods Manifest.lock";
			outputPaths = (
				"$(DERIVED_FILE_DIR)/Pods-EukoTests-checkManifestLockResult.txt",
			);
			runOnlyForDeploymentPostprocessing = 0;
			shellPath = /bin/sh;
			shellScript = "diff \"${PODS_PODFILE_DIR_PATH}/Podfile.lock\" \"${PODS_ROOT}/Manifest.lock\" > /dev/null\nif [ $? != 0 ] ; then\n    # print error to STDERR\n    echo \"error: The sandbox is not in sync with the Podfile.lock. Run 'pod install' or update your CocoaPods installation.\" >&2\n    exit 1\nfi\n# This output is used by Xcode 'outputs' to avoid re-running this script phase.\necho \"SUCCESS\" > \"${SCRIPT_OUTPUT_FILE_0}\"\n";
			showEnvVarsInLog = 0;
		};
/* End PBXShellScriptBuildPhase section */

/* Begin PBXSourcesBuildPhase section */
		5713B015219ACAB0001D9324 /* Sources */ = {
			isa = PBXSourcesBuildPhase;
			buildActionMask = 2147483647;
			files = (
				57A879AD223A6DE400BC2A79 /* SHFSignatureView.swift in Sources */,
				5776C19021BA75A600E51C59 /* InscriptionVC.swift in Sources */,
				57FE665721CD523000D40854 /* MoneyBackCell.swift in Sources */,
				57D4896221E797CF00D6D1C1 /* GradientView.swift in Sources */,
				57A879AA223A6D8300BC2A79 /* CreationContractVC.swift in Sources */,
				575B446E2239109E00FD5C97 /* InscriptionValidationVC.swift in Sources */,
				5776C19221BA8EE100E51C59 /* Extensions.swift in Sources */,
				571EB6DD21B91F70008D4227 /* User.swift in Sources */,
				572294FA21C3E04700C106BC /* ProjectCell.swift in Sources */,
				5713B01D219ACAB0001D9324 /* AppDelegate.swift in Sources */,
				57CC251B223BBB6900124166 /* WalletVC.swift in Sources */,
				578E62412253579E0029ED27 /* ServerBridge.swift in Sources */,
				572294F821C3DFA000C106BC /* ProjectListVC.swift in Sources */,
				5776C18E21BA6C9A00E51C59 /* ConnexionVC.swift in Sources */,
				579AF517223BFF2300C8D85B /* TabBarController.swift in Sources */,
				57B8D8AF22386214009B8223 /* InscriptionNextVC.swift in Sources */,
				5713B025219ACAB0001D9324 /* Euko.xcdatamodeld in Sources */,
				573022B821C998F90000A495 /* CreateProjectVC.swift in Sources */,
				57E46A3521C4785800FB7236 /* ProjectVC.swift in Sources */,
				576C5E1121FF12AE0069CFBB /* Polygon.swift in Sources */,
				572294FC21C4449200C106BC /* Project.swift in Sources */,
				57C34410223AA6E8007A0B03 /* ProfileVC.swift in Sources */,
				57D4896421E797EE00D6D1C1 /* Triangle.swift in Sources */,
			);
			runOnlyForDeploymentPostprocessing = 0;
		};
		5713B02C219ACAB1001D9324 /* Sources */ = {
			isa = PBXSourcesBuildPhase;
			buildActionMask = 2147483647;
			files = (
				5713B035219ACAB1001D9324 /* EukoTests.swift in Sources */,
			);
			runOnlyForDeploymentPostprocessing = 0;
		};
/* End PBXSourcesBuildPhase section */

/* Begin PBXTargetDependency section */
		5713B032219ACAB1001D9324 /* PBXTargetDependency */ = {
			isa = PBXTargetDependency;
			target = 5713B018219ACAB0001D9324 /* Euko */;
			targetProxy = 5713B031219ACAB1001D9324 /* PBXContainerItemProxy */;
		};
/* End PBXTargetDependency section */

/* Begin PBXVariantGroup section */
		5713B020219ACAB0001D9324 /* Main.storyboard */ = {
			isa = PBXVariantGroup;
			children = (
				5713B021219ACAB0001D9324 /* Base */,
			);
			name = Main.storyboard;
			sourceTree = "<group>";
		};
		5713B028219ACAB1001D9324 /* LaunchScreen.storyboard */ = {
			isa = PBXVariantGroup;
			children = (
				5713B029219ACAB1001D9324 /* Base */,
			);
			name = LaunchScreen.storyboard;
			sourceTree = "<group>";
		};
/* End PBXVariantGroup section */

/* Begin XCBuildConfiguration section */
		5713B037219ACAB1001D9324 /* Debug */ = {
			isa = XCBuildConfiguration;
			buildSettings = {
				ALWAYS_SEARCH_USER_PATHS = NO;
				CLANG_ANALYZER_NONNULL = YES;
				CLANG_ANALYZER_NUMBER_OBJECT_CONVERSION = YES_AGGRESSIVE;
				CLANG_CXX_LANGUAGE_STANDARD = "gnu++14";
				CLANG_CXX_LIBRARY = "libc++";
				CLANG_ENABLE_MODULES = YES;
				CLANG_ENABLE_OBJC_ARC = YES;
				CLANG_ENABLE_OBJC_WEAK = YES;
				CLANG_WARN_BLOCK_CAPTURE_AUTORELEASING = YES;
				CLANG_WARN_BOOL_CONVERSION = YES;
				CLANG_WARN_COMMA = YES;
				CLANG_WARN_CONSTANT_CONVERSION = YES;
				CLANG_WARN_DEPRECATED_OBJC_IMPLEMENTATIONS = YES;
				CLANG_WARN_DIRECT_OBJC_ISA_USAGE = YES_ERROR;
				CLANG_WARN_DOCUMENTATION_COMMENTS = YES;
				CLANG_WARN_EMPTY_BODY = YES;
				CLANG_WARN_ENUM_CONVERSION = YES;
				CLANG_WARN_INFINITE_RECURSION = YES;
				CLANG_WARN_INT_CONVERSION = YES;
				CLANG_WARN_NON_LITERAL_NULL_CONVERSION = YES;
				CLANG_WARN_OBJC_IMPLICIT_RETAIN_SELF = YES;
				CLANG_WARN_OBJC_LITERAL_CONVERSION = YES;
				CLANG_WARN_OBJC_ROOT_CLASS = YES_ERROR;
				CLANG_WARN_RANGE_LOOP_ANALYSIS = YES;
				CLANG_WARN_STRICT_PROTOTYPES = YES;
				CLANG_WARN_SUSPICIOUS_MOVE = YES;
				CLANG_WARN_UNGUARDED_AVAILABILITY = YES_AGGRESSIVE;
				CLANG_WARN_UNREACHABLE_CODE = YES;
				CLANG_WARN__DUPLICATE_METHOD_MATCH = YES;
				CODE_SIGN_IDENTITY = "iPhone Developer";
				COPY_PHASE_STRIP = NO;
				DEBUG_INFORMATION_FORMAT = dwarf;
				ENABLE_STRICT_OBJC_MSGSEND = YES;
				ENABLE_TESTABILITY = YES;
				GCC_C_LANGUAGE_STANDARD = gnu11;
				GCC_DYNAMIC_NO_PIC = NO;
				GCC_NO_COMMON_BLOCKS = YES;
				GCC_OPTIMIZATION_LEVEL = 0;
				GCC_PREPROCESSOR_DEFINITIONS = (
					"DEBUG=1",
					"$(inherited)",
				);
				GCC_WARN_64_TO_32_BIT_CONVERSION = YES;
				GCC_WARN_ABOUT_RETURN_TYPE = YES_ERROR;
				GCC_WARN_UNDECLARED_SELECTOR = YES;
				GCC_WARN_UNINITIALIZED_AUTOS = YES_AGGRESSIVE;
				GCC_WARN_UNUSED_FUNCTION = YES;
				GCC_WARN_UNUSED_VARIABLE = YES;
				IPHONEOS_DEPLOYMENT_TARGET = 12.0;
				MTL_ENABLE_DEBUG_INFO = INCLUDE_SOURCE;
				MTL_FAST_MATH = YES;
				ONLY_ACTIVE_ARCH = YES;
				SDKROOT = iphoneos;
				SWIFT_ACTIVE_COMPILATION_CONDITIONS = DEBUG;
				SWIFT_OPTIMIZATION_LEVEL = "-Onone";
			};
			name = Debug;
		};
		5713B038219ACAB1001D9324 /* Release */ = {
			isa = XCBuildConfiguration;
			buildSettings = {
				ALWAYS_SEARCH_USER_PATHS = NO;
				CLANG_ANALYZER_NONNULL = YES;
				CLANG_ANALYZER_NUMBER_OBJECT_CONVERSION = YES_AGGRESSIVE;
				CLANG_CXX_LANGUAGE_STANDARD = "gnu++14";
				CLANG_CXX_LIBRARY = "libc++";
				CLANG_ENABLE_MODULES = YES;
				CLANG_ENABLE_OBJC_ARC = YES;
				CLANG_ENABLE_OBJC_WEAK = YES;
				CLANG_WARN_BLOCK_CAPTURE_AUTORELEASING = YES;
				CLANG_WARN_BOOL_CONVERSION = YES;
				CLANG_WARN_COMMA = YES;
				CLANG_WARN_CONSTANT_CONVERSION = YES;
				CLANG_WARN_DEPRECATED_OBJC_IMPLEMENTATIONS = YES;
				CLANG_WARN_DIRECT_OBJC_ISA_USAGE = YES_ERROR;
				CLANG_WARN_DOCUMENTATION_COMMENTS = YES;
				CLANG_WARN_EMPTY_BODY = YES;
				CLANG_WARN_ENUM_CONVERSION = YES;
				CLANG_WARN_INFINITE_RECURSION = YES;
				CLANG_WARN_INT_CONVERSION = YES;
				CLANG_WARN_NON_LITERAL_NULL_CONVERSION = YES;
				CLANG_WARN_OBJC_IMPLICIT_RETAIN_SELF = YES;
				CLANG_WARN_OBJC_LITERAL_CONVERSION = YES;
				CLANG_WARN_OBJC_ROOT_CLASS = YES_ERROR;
				CLANG_WARN_RANGE_LOOP_ANALYSIS = YES;
				CLANG_WARN_STRICT_PROTOTYPES = YES;
				CLANG_WARN_SUSPICIOUS_MOVE = YES;
				CLANG_WARN_UNGUARDED_AVAILABILITY = YES_AGGRESSIVE;
				CLANG_WARN_UNREACHABLE_CODE = YES;
				CLANG_WARN__DUPLICATE_METHOD_MATCH = YES;
				CODE_SIGN_IDENTITY = "iPhone Developer";
				COPY_PHASE_STRIP = NO;
				DEBUG_INFORMATION_FORMAT = "dwarf-with-dsym";
				ENABLE_NS_ASSERTIONS = NO;
				ENABLE_STRICT_OBJC_MSGSEND = YES;
				GCC_C_LANGUAGE_STANDARD = gnu11;
				GCC_NO_COMMON_BLOCKS = YES;
				GCC_WARN_64_TO_32_BIT_CONVERSION = YES;
				GCC_WARN_ABOUT_RETURN_TYPE = YES_ERROR;
				GCC_WARN_UNDECLARED_SELECTOR = YES;
				GCC_WARN_UNINITIALIZED_AUTOS = YES_AGGRESSIVE;
				GCC_WARN_UNUSED_FUNCTION = YES;
				GCC_WARN_UNUSED_VARIABLE = YES;
				IPHONEOS_DEPLOYMENT_TARGET = 12.0;
				MTL_ENABLE_DEBUG_INFO = NO;
				MTL_FAST_MATH = YES;
				SDKROOT = iphoneos;
				SWIFT_COMPILATION_MODE = wholemodule;
				SWIFT_OPTIMIZATION_LEVEL = "-O";
				VALIDATE_PRODUCT = YES;
			};
			name = Release;
		};
		5713B03A219ACAB1001D9324 /* Debug */ = {
			isa = XCBuildConfiguration;
			baseConfigurationReference = BBD221E7AC7B39964B46AD53 /* Pods-Euko.debug.xcconfig */;
			buildSettings = {
				ASSETCATALOG_COMPILER_APPICON_NAME = AppIcon;
				CODE_SIGN_IDENTITY = "iPhone Developer";
				CODE_SIGN_STYLE = Automatic;
				DEVELOPMENT_TEAM = Y6P264XEGQ;
				INFOPLIST_FILE = Euko/Info.plist;
				IPHONEOS_DEPLOYMENT_TARGET = 10;
				LD_RUNPATH_SEARCH_PATHS = (
					"$(inherited)",
					"@executable_path/Frameworks",
				);
				PRODUCT_BUNDLE_IDENTIFIER = test.euko;
				PRODUCT_NAME = "$(TARGET_NAME)";
				PROVISIONING_PROFILE_SPECIFIER = "";
				SWIFT_VERSION = 4.2;
				TARGETED_DEVICE_FAMILY = 1;
			};
			name = Debug;
		};
		5713B03B219ACAB1001D9324 /* Release */ = {
			isa = XCBuildConfiguration;
			baseConfigurationReference = E964081CFB7F6CA766F74518 /* Pods-Euko.release.xcconfig */;
			buildSettings = {
				ASSETCATALOG_COMPILER_APPICON_NAME = AppIcon;
				CODE_SIGN_IDENTITY = "iPhone Developer";
				CODE_SIGN_STYLE = Automatic;
				DEVELOPMENT_TEAM = Y6P264XEGQ;
				INFOPLIST_FILE = Euko/Info.plist;
				IPHONEOS_DEPLOYMENT_TARGET = 10;
				LD_RUNPATH_SEARCH_PATHS = (
					"$(inherited)",
					"@executable_path/Frameworks",
				);
				PRODUCT_BUNDLE_IDENTIFIER = test.euko;
				PRODUCT_NAME = "$(TARGET_NAME)";
				PROVISIONING_PROFILE_SPECIFIER = "";
				SWIFT_VERSION = 4.2;
				TARGETED_DEVICE_FAMILY = 1;
			};
			name = Release;
		};
		5713B03D219ACAB1001D9324 /* Debug */ = {
			isa = XCBuildConfiguration;
			baseConfigurationReference = 257280F01BF655A7E6C430D1 /* Pods-EukoTests.debug.xcconfig */;
			buildSettings = {
				ALWAYS_EMBED_SWIFT_STANDARD_LIBRARIES = YES;
				BUNDLE_LOADER = "$(TEST_HOST)";
				CODE_SIGN_STYLE = Automatic;
				INFOPLIST_FILE = EukoTests/Info.plist;
				LD_RUNPATH_SEARCH_PATHS = (
					"$(inherited)",
					"@executable_path/Frameworks",
					"@loader_path/Frameworks",
				);
				PRODUCT_BUNDLE_IDENTIFIER = EUKO.EukoTests;
				PRODUCT_NAME = "$(TARGET_NAME)";
				SWIFT_VERSION = 4.2;
				TARGETED_DEVICE_FAMILY = "1,2";
				TEST_HOST = "$(BUILT_PRODUCTS_DIR)/Euko.app/Euko";
			};
			name = Debug;
		};
		5713B03E219ACAB1001D9324 /* Release */ = {
			isa = XCBuildConfiguration;
			baseConfigurationReference = 11EC2400E0878F817E3CECCA /* Pods-EukoTests.release.xcconfig */;
			buildSettings = {
				ALWAYS_EMBED_SWIFT_STANDARD_LIBRARIES = YES;
				BUNDLE_LOADER = "$(TEST_HOST)";
				CODE_SIGN_STYLE = Automatic;
				INFOPLIST_FILE = EukoTests/Info.plist;
				LD_RUNPATH_SEARCH_PATHS = (
					"$(inherited)",
					"@executable_path/Frameworks",
					"@loader_path/Frameworks",
				);
				PRODUCT_BUNDLE_IDENTIFIER = EUKO.EukoTests;
				PRODUCT_NAME = "$(TARGET_NAME)";
				SWIFT_VERSION = 4.2;
				TARGETED_DEVICE_FAMILY = "1,2";
				TEST_HOST = "$(BUILT_PRODUCTS_DIR)/Euko.app/Euko";
			};
			name = Release;
		};
/* End XCBuildConfiguration section */

/* Begin XCConfigurationList section */
		5713B014219ACAB0001D9324 /* Build configuration list for PBXProject "Euko" */ = {
			isa = XCConfigurationList;
			buildConfigurations = (
				5713B037219ACAB1001D9324 /* Debug */,
				5713B038219ACAB1001D9324 /* Release */,
			);
			defaultConfigurationIsVisible = 0;
			defaultConfigurationName = Release;
		};
		5713B039219ACAB1001D9324 /* Build configuration list for PBXNativeTarget "Euko" */ = {
			isa = XCConfigurationList;
			buildConfigurations = (
				5713B03A219ACAB1001D9324 /* Debug */,
				5713B03B219ACAB1001D9324 /* Release */,
			);
			defaultConfigurationIsVisible = 0;
			defaultConfigurationName = Release;
		};
		5713B03C219ACAB1001D9324 /* Build configuration list for PBXNativeTarget "EukoTests" */ = {
			isa = XCConfigurationList;
			buildConfigurations = (
				5713B03D219ACAB1001D9324 /* Debug */,
				5713B03E219ACAB1001D9324 /* Release */,
			);
			defaultConfigurationIsVisible = 0;
			defaultConfigurationName = Release;
		};
/* End XCConfigurationList section */

/* Begin XCVersionGroup section */
		5713B023219ACAB0001D9324 /* Euko.xcdatamodeld */ = {
			isa = XCVersionGroup;
			children = (
				5713B024219ACAB0001D9324 /* Euko.xcdatamodel */,
			);
			currentVersion = 5713B024219ACAB0001D9324 /* Euko.xcdatamodel */;
			path = Euko.xcdatamodeld;
			sourceTree = "<group>";
			versionGroupType = wrapper.xcdatamodel;
		};
/* End XCVersionGroup section */
	};
	rootObject = 5713B011219ACAB0001D9324 /* Project object */;
}
